
Microsoft Visual Studio Solution File, Format Version 12.00
# Visual Studio Version 17
VisualStudioVersion = 17.11.35312.102
MinimumVisualStudioVersion = 10.0.40219.1
Project("{FAE04EC0-301F-11D3-BF4B-00C04F79EFBC}") = "eligibility", "eligibility.csproj", "{3C60314F-2209-4ABC-B15D-B70C07D16875}"
EndProject
Global
	GlobalSection(SolutionConfigurationPlatforms) = preSolution
		Debug|Any CPU = Debug|Any CPU
		Release|Any CPU = Release|Any CPU
	EndGlobalSection
	GlobalSection(ProjectConfigurationPlatforms) = postSolution
		{3C60314F-2209-4ABC-B15D-B70C07D16875}.Debug|Any CPU.ActiveCfg = Debug|Any CPU
		{3C60314F-2209-4ABC-B15D-B70C07D16875}.Debug|Any CPU.Build.0 = Debug|Any CPU
		{3C60314F-2209-4ABC-B15D-B70C07D16875}.Release|Any CPU.ActiveCfg = Release|Any CPU
		{3C60314F-2209-4ABC-B15D-B70C07D16875}.Release|Any CPU.Build.0 = Release|Any CPU
	EndGlobalSection
	GlobalSection(SolutionProperties) = preSolution
		HideSolutionNode = FALSE
	EndGlobalSection
	GlobalSection(ExtensibilityGlobals) = postSolution
		SolutionGuid = {6F76496C-F283-4BE8-A2B0-D832E0C98E43}
	EndGlobalSection
EndGlobal
